// !$*UTF8*$!
{
	archiveVersion = 1;
	classes = {
	};
	objectVersion = 46;
	objects = {

/* Begin PBXBuildFile section */
		BE3F6E2B1A14BDCB0011327D /* MotionEffectViewController.m in Sources */ = {isa = PBXBuildFile; fileRef = BE3F6E2A1A14BDCB0011327D /* MotionEffectViewController.m */; };
		BE3F6E2E1A15A2150011327D /* PopoverDisplayViewController.m in Sources */ = {isa = PBXBuildFile; fileRef = BE3F6E2D1A15A2150011327D /* PopoverDisplayViewController.m */; };
		BE3F6E341A15F85C0011327D /* CGPlayView.m in Sources */ = {isa = PBXBuildFile; fileRef = BE3F6E331A15F85C0011327D /* CGPlayView.m */; };
		BE5B4C3719F8FB1A00EAE601 /* DXNavPushPhotoTransition.m in Sources */ = {isa = PBXBuildFile; fileRef = BE5B4C3619F8FB1A00EAE601 /* DXNavPushPhotoTransition.m */; };
		BE5B4C3F19F917D400EAE601 /* DXNavPopPhotoTransition.m in Sources */ = {isa = PBXBuildFile; fileRef = BE5B4C3E19F917D400EAE601 /* DXNavPopPhotoTransition.m */; };
		BE6F959719F8BA520068EEB7 /* NavigationControllerDelegate.m in Sources */ = {isa = PBXBuildFile; fileRef = BE6F959619F8BA520068EEB7 /* NavigationControllerDelegate.m */; };
		BE932BCB1A119EA00057B298 /* SingeImageViewController.m in Sources */ = {isa = PBXBuildFile; fileRef = BE932BCA1A119EA00057B298 /* SingeImageViewController.m */; };
		BE932BCE1A11C4470057B298 /* ContainerExampleViewController.m in Sources */ = {isa = PBXBuildFile; fileRef = BE932BCD1A11C4470057B298 /* ContainerExampleViewController.m */; };
		BEB33FB219F66B380016605B /* main.m in Sources */ = {isa = PBXBuildFile; fileRef = BEB33FB119F66B380016605B /* main.m */; };
		BEB33FB519F66B380016605B /* AppDelegate.m in Sources */ = {isa = PBXBuildFile; fileRef = BEB33FB419F66B380016605B /* AppDelegate.m */; };
		BEB33FB819F66B380016605B /* ViewController.m in Sources */ = {isa = PBXBuildFile; fileRef = BEB33FB719F66B380016605B /* ViewController.m */; };
		BEB33FBB19F66B380016605B /* Main.storyboard in Resources */ = {isa = PBXBuildFile; fileRef = BEB33FB919F66B380016605B /* Main.storyboard */; };
		BEB33FBD19F66B380016605B /* Images.xcassets in Resources */ = {isa = PBXBuildFile; fileRef = BEB33FBC19F66B380016605B /* Images.xcassets */; };
		BEB33FC019F66B380016605B /* LaunchScreen.xib in Resources */ = {isa = PBXBuildFile; fileRef = BEB33FBE19F66B380016605B /* LaunchScreen.xib */; };
		BEB33FCC19F66B380016605B /* UICategoriesTests.m in Sources */ = {isa = PBXBuildFile; fileRef = BEB33FCB19F66B380016605B /* UICategoriesTests.m */; };
		BEB33FD819F66DBC0016605B /* BlurEffectViewController.m in Sources */ = {isa = PBXBuildFile; fileRef = BEB33FD619F66DBC0016605B /* BlurEffectViewController.m */; };
		BEB33FD919F66DBC0016605B /* BlurEffectViewController.xib in Resources */ = {isa = PBXBuildFile; fileRef = BEB33FD719F66DBC0016605B /* BlurEffectViewController.xib */; };
		BEB33FE319F746820016605B /* UICategory.m in Sources */ = {isa = PBXBuildFile; fileRef = BEB33FE219F746820016605B /* UICategory.m */; };
		BEB33FE619F756C60016605B /* Accelerate.framework in Frameworks */ = {isa = PBXBuildFile; fileRef = BEB33FE519F756C60016605B /* Accelerate.framework */; };
		BEB3401319F768240016605B /* TransitionCollectionViewController.m in Sources */ = {isa = PBXBuildFile; fileRef = BEB3401119F768240016605B /* TransitionCollectionViewController.m */; };
		BEB3401C19F794DF0016605B /* DXPhoto.m in Sources */ = {isa = PBXBuildFile; fileRef = BEB3401B19F794DF0016605B /* DXPhoto.m */; };
		BEB3402019F798800016605B /* ThumbnailCollectionViewCell.m in Sources */ = {isa = PBXBuildFile; fileRef = BEB3401F19F798800016605B /* ThumbnailCollectionViewCell.m */; };
		BEB3402319F79E580016605B /* PhotoDetailViewController.m in Sources */ = {isa = PBXBuildFile; fileRef = BEB3402219F79E580016605B /* PhotoDetailViewController.m */; };
		BEB3402619F7A1750016605B /* SimpleNavTransition.m in Sources */ = {isa = PBXBuildFile; fileRef = BEB3402519F7A1750016605B /* SimpleNavTransition.m */; };
		BEBFE2CE1A47C882003D0D62 /* FastDemoImages in Resources */ = {isa = PBXBuildFile; fileRef = BEBFE2CC1A47C882003D0D62 /* FastDemoImages */; };
		BEBFE2CF1A47C882003D0D62 /* instagramImages in Resources */ = {isa = PBXBuildFile; fileRef = BEBFE2CD1A47C882003D0D62 /* instagramImages */; };
		BEBFE2D81A47C975003D0D62 /* FBPop.framework in Frameworks */ = {isa = PBXBuildFile; fileRef = BEBFE2D61A47C975003D0D62 /* FBPop.framework */; };
		BEBFE2D91A47C975003D0D62 /* FLEX.framework in Frameworks */ = {isa = PBXBuildFile; fileRef = BEBFE2D71A47C975003D0D62 /* FLEX.framework */; };
		BEBFE2DD1A47D0CC003D0D62 /* DXPopover.m in Sources */ = {isa = PBXBuildFile; fileRef = BEBFE2DC1A47D0CC003D0D62 /* DXPopover.m */; };
		BECCB87219FDEE6700C6948C /* PresentationControllerDelegate.m in Sources */ = {isa = PBXBuildFile; fileRef = BECCB87119FDEE6700C6948C /* PresentationControllerDelegate.m */; };
		BECCB87519FDEF5F00C6948C /* DXPresentationExampleTransition.m in Sources */ = {isa = PBXBuildFile; fileRef = BECCB87419FDEF5F00C6948C /* DXPresentationExampleTransition.m */; };
		BEF7A1CE1A2BF7A800CF8A0B /* PathPresentationViewController.m in Sources */ = {isa = PBXBuildFile; fileRef = BEF7A1CD1A2BF7A800CF8A0B /* PathPresentationViewController.m */; };
		BEF7A1D11A2BFA2A00CF8A0B /* PathSheetTransition.m in Sources */ = {isa = PBXBuildFile; fileRef = BEF7A1D01A2BFA2A00CF8A0B /* PathSheetTransition.m */; };
/* End PBXBuildFile section */

/* Begin PBXContainerItemProxy section */
		BEB33FC619F66B380016605B /* PBXContainerItemProxy */ = {
			isa = PBXContainerItemProxy;
			containerPortal = BEB33FA419F66B380016605B /* Project object */;
			proxyType = 1;
			remoteGlobalIDString = BEB33FAB19F66B380016605B;
			remoteInfo = UICategories;
		};
/* End PBXContainerItemProxy section */

/* Begin PBXFileReference section */
		BE3F6E291A14BDCB0011327D /* MotionEffectViewController.h */ = {isa = PBXFileReference; fileEncoding = 4; lastKnownFileType = sourcecode.c.h; path = MotionEffectViewController.h; sourceTree = "<group>"; };
		BE3F6E2A1A14BDCB0011327D /* MotionEffectViewController.m */ = {isa = PBXFileReference; fileEncoding = 4; lastKnownFileType = sourcecode.c.objc; path = MotionEffectViewController.m; sourceTree = "<group>"; };
		BE3F6E2C1A15A2150011327D /* PopoverDisplayViewController.h */ = {isa = PBXFileReference; fileEncoding = 4; lastKnownFileType = sourcecode.c.h; path = PopoverDisplayViewController.h; sourceTree = "<group>"; };
		BE3F6E2D1A15A2150011327D /* PopoverDisplayViewController.m */ = {isa = PBXFileReference; fileEncoding = 4; lastKnownFileType = sourcecode.c.objc; path = PopoverDisplayViewController.m; sourceTree = "<group>"; };
		BE3F6E321A15F85C0011327D /* CGPlayView.h */ = {isa = PBXFileReference; fileEncoding = 4; lastKnownFileType = sourcecode.c.h; path = CGPlayView.h; sourceTree = "<group>"; };
		BE3F6E331A15F85C0011327D /* CGPlayView.m */ = {isa = PBXFileReference; fileEncoding = 4; lastKnownFileType = sourcecode.c.objc; path = CGPlayView.m; sourceTree = "<group>"; };
		BE5B4C3519F8FB1A00EAE601 /* DXNavPushPhotoTransition.h */ = {isa = PBXFileReference; fileEncoding = 4; lastKnownFileType = sourcecode.c.h; path = DXNavPushPhotoTransition.h; sourceTree = "<group>"; };
		BE5B4C3619F8FB1A00EAE601 /* DXNavPushPhotoTransition.m */ = {isa = PBXFileReference; fileEncoding = 4; lastKnownFileType = sourcecode.c.objc; path = DXNavPushPhotoTransition.m; sourceTree = "<group>"; };
		BE5B4C3819F9092000EAE601 /* NavPhotoTransitionProtocol.h */ = {isa = PBXFileReference; fileEncoding = 4; lastKnownFileType = sourcecode.c.h; path = NavPhotoTransitionProtocol.h; sourceTree = "<group>"; };
		BE5B4C3D19F917D400EAE601 /* DXNavPopPhotoTransition.h */ = {isa = PBXFileReference; fileEncoding = 4; lastKnownFileType = sourcecode.c.h; path = DXNavPopPhotoTransition.h; sourceTree = "<group>"; };
		BE5B4C3E19F917D400EAE601 /* DXNavPopPhotoTransition.m */ = {isa = PBXFileReference; fileEncoding = 4; lastKnownFileType = sourcecode.c.objc; path = DXNavPopPhotoTransition.m; sourceTree = "<group>"; };
		BE6F959519F8BA520068EEB7 /* NavigationControllerDelegate.h */ = {isa = PBXFileReference; fileEncoding = 4; lastKnownFileType = sourcecode.c.h; path = NavigationControllerDelegate.h; sourceTree = "<group>"; };
		BE6F959619F8BA520068EEB7 /* NavigationControllerDelegate.m */ = {isa = PBXFileReference; fileEncoding = 4; lastKnownFileType = sourcecode.c.objc; path = NavigationControllerDelegate.m; sourceTree = "<group>"; };
		BE932BC91A119EA00057B298 /* SingeImageViewController.h */ = {isa = PBXFileReference; fileEncoding = 4; lastKnownFileType = sourcecode.c.h; path = SingeImageViewController.h; sourceTree = "<group>"; };
		BE932BCA1A119EA00057B298 /* SingeImageViewController.m */ = {isa = PBXFileReference; fileEncoding = 4; lastKnownFileType = sourcecode.c.objc; path = SingeImageViewController.m; sourceTree = "<group>"; };
		BE932BCC1A11C4470057B298 /* ContainerExampleViewController.h */ = {isa = PBXFileReference; fileEncoding = 4; lastKnownFileType = sourcecode.c.h; path = ContainerExampleViewController.h; sourceTree = "<group>"; };
		BE932BCD1A11C4470057B298 /* ContainerExampleViewController.m */ = {isa = PBXFileReference; fileEncoding = 4; lastKnownFileType = sourcecode.c.objc; path = ContainerExampleViewController.m; sourceTree = "<group>"; };
		BEB33FAC19F66B380016605B /* UICategories.app */ = {isa = PBXFileReference; explicitFileType = wrapper.application; includeInIndex = 0; path = UICategories.app; sourceTree = BUILT_PRODUCTS_DIR; };
		BEB33FB019F66B380016605B /* Info.plist */ = {isa = PBXFileReference; lastKnownFileType = text.plist.xml; path = Info.plist; sourceTree = "<group>"; };
		BEB33FB119F66B380016605B /* main.m */ = {isa = PBXFileReference; lastKnownFileType = sourcecode.c.objc; path = main.m; sourceTree = "<group>"; };
		BEB33FB319F66B380016605B /* AppDelegate.h */ = {isa = PBXFileReference; lastKnownFileType = sourcecode.c.h; path = AppDelegate.h; sourceTree = "<group>"; };
		BEB33FB419F66B380016605B /* AppDelegate.m */ = {isa = PBXFileReference; lastKnownFileType = sourcecode.c.objc; path = AppDelegate.m; sourceTree = "<group>"; };
		BEB33FB619F66B380016605B /* ViewController.h */ = {isa = PBXFileReference; lastKnownFileType = sourcecode.c.h; name = ViewController.h; path = ../UICategories/ViewController.h; sourceTree = "<group>"; };
		BEB33FB719F66B380016605B /* ViewController.m */ = {isa = PBXFileReference; lastKnownFileType = sourcecode.c.objc; name = ViewController.m; path = ../UICategories/ViewController.m; sourceTree = "<group>"; };
		BEB33FBA19F66B380016605B /* Base */ = {isa = PBXFileReference; lastKnownFileType = file.storyboard; name = Base; path = Base.lproj/Main.storyboard; sourceTree = "<group>"; };
		BEB33FBC19F66B380016605B /* Images.xcassets */ = {isa = PBXFileReference; lastKnownFileType = folder.assetcatalog; path = Images.xcassets; sourceTree = "<group>"; };
		BEB33FBF19F66B380016605B /* Base */ = {isa = PBXFileReference; lastKnownFileType = file.xib; name = Base; path = Base.lproj/LaunchScreen.xib; sourceTree = "<group>"; };
		BEB33FC519F66B380016605B /* UICategoriesTests.xctest */ = {isa = PBXFileReference; explicitFileType = wrapper.cfbundle; includeInIndex = 0; path = UICategoriesTests.xctest; sourceTree = BUILT_PRODUCTS_DIR; };
		BEB33FCA19F66B380016605B /* Info.plist */ = {isa = PBXFileReference; lastKnownFileType = text.plist.xml; path = Info.plist; sourceTree = "<group>"; };
		BEB33FCB19F66B380016605B /* UICategoriesTests.m */ = {isa = PBXFileReference; lastKnownFileType = sourcecode.c.objc; path = UICategoriesTests.m; sourceTree = "<group>"; };
		BEB33FD519F66DBC0016605B /* BlurEffectViewController.h */ = {isa = PBXFileReference; fileEncoding = 4; lastKnownFileType = sourcecode.c.h; name = BlurEffectViewController.h; path = ../UICategories/BlurEffectViewController.h; sourceTree = "<group>"; };
		BEB33FD619F66DBC0016605B /* BlurEffectViewController.m */ = {isa = PBXFileReference; fileEncoding = 4; lastKnownFileType = sourcecode.c.objc; name = BlurEffectViewController.m; path = ../UICategories/BlurEffectViewController.m; sourceTree = "<group>"; };
		BEB33FD719F66DBC0016605B /* BlurEffectViewController.xib */ = {isa = PBXFileReference; fileEncoding = 4; lastKnownFileType = file.xib; name = BlurEffectViewController.xib; path = ../UICategories/BlurEffectViewController.xib; sourceTree = "<group>"; };
		BEB33FE119F746820016605B /* UICategory.h */ = {isa = PBXFileReference; fileEncoding = 4; lastKnownFileType = sourcecode.c.h; path = UICategory.h; sourceTree = "<group>"; };
		BEB33FE219F746820016605B /* UICategory.m */ = {isa = PBXFileReference; fileEncoding = 4; lastKnownFileType = sourcecode.c.objc; path = UICategory.m; sourceTree = "<group>"; };
		BEB33FE419F751930016605B /* PrefixHeader.pch */ = {isa = PBXFileReference; fileEncoding = 4; lastKnownFileType = sourcecode.c.h; path = PrefixHeader.pch; sourceTree = "<group>"; };
		BEB33FE519F756C60016605B /* Accelerate.framework */ = {isa = PBXFileReference; lastKnownFileType = wrapper.framework; name = Accelerate.framework; path = System/Library/Frameworks/Accelerate.framework; sourceTree = SDKROOT; };
		BEB3401019F768240016605B /* TransitionCollectionViewController.h */ = {isa = PBXFileReference; fileEncoding = 4; lastKnownFileType = sourcecode.c.h; name = TransitionCollectionViewController.h; path = ../UICategories/TransitionCollectionViewController.h; sourceTree = "<group>"; };
		BEB3401119F768240016605B /* TransitionCollectionViewController.m */ = {isa = PBXFileReference; fileEncoding = 4; lastKnownFileType = sourcecode.c.objc; name = TransitionCollectionViewController.m; path = ../UICategories/TransitionCollectionViewController.m; sourceTree = "<group>"; };
		BEB3401A19F794DF0016605B /* DXPhoto.h */ = {isa = PBXFileReference; fileEncoding = 4; lastKnownFileType = sourcecode.c.h; path = DXPhoto.h; sourceTree = "<group>"; };
		BEB3401B19F794DF0016605B /* DXPhoto.m */ = {isa = PBXFileReference; fileEncoding = 4; lastKnownFileType = sourcecode.c.objc; path = DXPhoto.m; sourceTree = "<group>"; };
		BEB3401E19F798800016605B /* ThumbnailCollectionViewCell.h */ = {isa = PBXFileReference; fileEncoding = 4; lastKnownFileType = sourcecode.c.h; path = ThumbnailCollectionViewCell.h; sourceTree = "<group>"; };
		BEB3401F19F798800016605B /* ThumbnailCollectionViewCell.m */ = {isa = PBXFileReference; fileEncoding = 4; lastKnownFileType = sourcecode.c.objc; path = ThumbnailCollectionViewCell.m; sourceTree = "<group>"; };
		BEB3402119F79E580016605B /* PhotoDetailViewController.h */ = {isa = PBXFileReference; fileEncoding = 4; lastKnownFileType = sourcecode.c.h; path = PhotoDetailViewController.h; sourceTree = "<group>"; };
		BEB3402219F79E580016605B /* PhotoDetailViewController.m */ = {isa = PBXFileReference; fileEncoding = 4; lastKnownFileType = sourcecode.c.objc; path = PhotoDetailViewController.m; sourceTree = "<group>"; };
		BEB3402419F7A1750016605B /* SimpleNavTransition.h */ = {isa = PBXFileReference; fileEncoding = 4; lastKnownFileType = sourcecode.c.h; path = SimpleNavTransition.h; sourceTree = "<group>"; };
		BEB3402519F7A1750016605B /* SimpleNavTransition.m */ = {isa = PBXFileReference; fileEncoding = 4; lastKnownFileType = sourcecode.c.objc; path = SimpleNavTransition.m; sourceTree = "<group>"; };
		BEBFE2CC1A47C882003D0D62 /* FastDemoImages */ = {isa = PBXFileReference; lastKnownFileType = folder; name = FastDemoImages; path = ../../Pictures/FastDemoImages; sourceTree = "<group>"; };
		BEBFE2CD1A47C882003D0D62 /* instagramImages */ = {isa = PBXFileReference; lastKnownFileType = folder; name = instagramImages; path = ../../Pictures/instagramImages; sourceTree = "<group>"; };
		BEBFE2D61A47C975003D0D62 /* FBPop.framework */ = {isa = PBXFileReference; lastKnownFileType = wrapper.framework; name = FBPop.framework; path = ../../Workspace/ilslib/FBPop.framework; sourceTree = "<group>"; };
		BEBFE2D71A47C975003D0D62 /* FLEX.framework */ = {isa = PBXFileReference; lastKnownFileType = wrapper.framework; name = FLEX.framework; path = ../../Workspace/ilslib/FLEX.framework; sourceTree = "<group>"; };
		BEBFE2DB1A47D0CC003D0D62 /* DXPopover.h */ = {isa = PBXFileReference; fileEncoding = 4; lastKnownFileType = sourcecode.c.h; path = DXPopover.h; sourceTree = "<group>"; };
		BEBFE2DC1A47D0CC003D0D62 /* DXPopover.m */ = {isa = PBXFileReference; fileEncoding = 4; lastKnownFileType = sourcecode.c.objc; path = DXPopover.m; sourceTree = "<group>"; };
		BECCB87019FDEE6700C6948C /* PresentationControllerDelegate.h */ = {isa = PBXFileReference; fileEncoding = 4; lastKnownFileType = sourcecode.c.h; path = PresentationControllerDelegate.h; sourceTree = "<group>"; };
		BECCB87119FDEE6700C6948C /* PresentationControllerDelegate.m */ = {isa = PBXFileReference; fileEncoding = 4; lastKnownFileType = sourcecode.c.objc; path = PresentationControllerDelegate.m; sourceTree = "<group>"; };
		BECCB87319FDEF5F00C6948C /* DXPresentationExampleTransition.h */ = {isa = PBXFileReference; fileEncoding = 4; lastKnownFileType = sourcecode.c.h; path = DXPresentationExampleTransition.h; sourceTree = "<group>"; };
		BECCB87419FDEF5F00C6948C /* DXPresentationExampleTransition.m */ = {isa = PBXFileReference; fileEncoding = 4; lastKnownFileType = sourcecode.c.objc; path = DXPresentationExampleTransition.m; sourceTree = "<group>"; };
		BEF7A1CC1A2BF7A800CF8A0B /* PathPresentationViewController.h */ = {isa = PBXFileReference; fileEncoding = 4; lastKnownFileType = sourcecode.c.h; path = PathPresentationViewController.h; sourceTree = "<group>"; };
		BEF7A1CD1A2BF7A800CF8A0B /* PathPresentationViewController.m */ = {isa = PBXFileReference; fileEncoding = 4; lastKnownFileType = sourcecode.c.objc; path = PathPresentationViewController.m; sourceTree = "<group>"; };
		BEF7A1CF1A2BFA2A00CF8A0B /* PathSheetTransition.h */ = {isa = PBXFileReference; fileEncoding = 4; lastKnownFileType = sourcecode.c.h; path = PathSheetTransition.h; sourceTree = "<group>"; };
		BEF7A1D01A2BFA2A00CF8A0B /* PathSheetTransition.m */ = {isa = PBXFileReference; fileEncoding = 4; lastKnownFileType = sourcecode.c.objc; path = PathSheetTransition.m; sourceTree = "<group>"; };
/* End PBXFileReference section */

/* Begin PBXFrameworksBuildPhase section */
		BEB33FA919F66B380016605B /* Frameworks */ = {
			isa = PBXFrameworksBuildPhase;
			buildActionMask = 2147483647;
			files = (
				BEBFE2D81A47C975003D0D62 /* FBPop.framework in Frameworks */,
				BEB33FE619F756C60016605B /* Accelerate.framework in Frameworks */,
				BEBFE2D91A47C975003D0D62 /* FLEX.framework in Frameworks */,
			);
			runOnlyForDeploymentPostprocessing = 0;
		};
		BEB33FC219F66B380016605B /* Frameworks */ = {
			isa = PBXFrameworksBuildPhase;
			buildActionMask = 2147483647;
			files = (
			);
			runOnlyForDeploymentPostprocessing = 0;
		};
/* End PBXFrameworksBuildPhase section */

/* Begin PBXGroup section */
		BEB33FA319F66B380016605B = {
			isa = PBXGroup;
			children = (
				BEBFE2D61A47C975003D0D62 /* FBPop.framework */,
				BEBFE2D71A47C975003D0D62 /* FLEX.framework */,
				BEBFE2CC1A47C882003D0D62 /* FastDemoImages */,
				BEBFE2CD1A47C882003D0D62 /* instagramImages */,
				BEB3401D19F7985D0016605B /* Views */,
				BEB3401919F794BD0016605B /* Models */,
				BEB3401819F794A50016605B /* Frameworks */,
				BEB3401719F794710016605B /* ViewControllers */,
				BEB33FE019F746060016605B /* Vendor */,
				BEB33FAE19F66B380016605B /* UICategories */,
				BEB33FC819F66B380016605B /* UICategoriesTests */,
				BEB33FAD19F66B380016605B /* Products */,
			);
			sourceTree = "<group>";
		};
		BEB33FAD19F66B380016605B /* Products */ = {
			isa = PBXGroup;
			children = (
				BEB33FAC19F66B380016605B /* UICategories.app */,
				BEB33FC519F66B380016605B /* UICategoriesTests.xctest */,
			);
			name = Products;
			sourceTree = "<group>";
		};
		BEB33FAE19F66B380016605B /* UICategories */ = {
			isa = PBXGroup;
			children = (
				BEB33FB319F66B380016605B /* AppDelegate.h */,
				BEB33FB419F66B380016605B /* AppDelegate.m */,
				BEB33FB919F66B380016605B /* Main.storyboard */,
				BEB33FBC19F66B380016605B /* Images.xcassets */,
				BEB33FBE19F66B380016605B /* LaunchScreen.xib */,
				BEB33FAF19F66B380016605B /* Supporting Files */,
			);
			path = UICategories;
			sourceTree = "<group>";
		};
		BEB33FAF19F66B380016605B /* Supporting Files */ = {
			isa = PBXGroup;
			children = (
				BEB33FE419F751930016605B /* PrefixHeader.pch */,
				BEB33FB019F66B380016605B /* Info.plist */,
				BEB33FB119F66B380016605B /* main.m */,
			);
			name = "Supporting Files";
			sourceTree = "<group>";
		};
		BEB33FC819F66B380016605B /* UICategoriesTests */ = {
			isa = PBXGroup;
			children = (
				BEB33FCB19F66B380016605B /* UICategoriesTests.m */,
				BEB33FC919F66B380016605B /* Supporting Files */,
			);
			path = UICategoriesTests;
			sourceTree = "<group>";
		};
		BEB33FC919F66B380016605B /* Supporting Files */ = {
			isa = PBXGroup;
			children = (
				BEB33FCA19F66B380016605B /* Info.plist */,
			);
			name = "Supporting Files";
			sourceTree = "<group>";
		};
		BEB33FE019F746060016605B /* Vendor */ = {
			isa = PBXGroup;
			children = (
				BE6F959519F8BA520068EEB7 /* NavigationControllerDelegate.h */,
				BE6F959619F8BA520068EEB7 /* NavigationControllerDelegate.m */,
				BEB33FE119F746820016605B /* UICategory.h */,
				BEB33FE219F746820016605B /* UICategory.m */,
				BEB3402419F7A1750016605B /* SimpleNavTransition.h */,
				BEB3402519F7A1750016605B /* SimpleNavTransition.m */,
				BE5B4C3519F8FB1A00EAE601 /* DXNavPushPhotoTransition.h */,
				BE5B4C3619F8FB1A00EAE601 /* DXNavPushPhotoTransition.m */,
				BE5B4C3D19F917D400EAE601 /* DXNavPopPhotoTransition.h */,
				BE5B4C3E19F917D400EAE601 /* DXNavPopPhotoTransition.m */,
				BECCB87019FDEE6700C6948C /* PresentationControllerDelegate.h */,
				BECCB87119FDEE6700C6948C /* PresentationControllerDelegate.m */,
				BECCB87319FDEF5F00C6948C /* DXPresentationExampleTransition.h */,
				BECCB87419FDEF5F00C6948C /* DXPresentationExampleTransition.m */,
				BE3F6E321A15F85C0011327D /* CGPlayView.h */,
				BE3F6E331A15F85C0011327D /* CGPlayView.m */,
				BEF7A1CF1A2BFA2A00CF8A0B /* PathSheetTransition.h */,
				BEF7A1D01A2BFA2A00CF8A0B /* PathSheetTransition.m */,
				BEBFE2DA1A47D0CC003D0D62 /* DXPopover */,
			);
			path = Vendor;
			sourceTree = "<group>";
		};
		BEB3401719F794710016605B /* ViewControllers */ = {
			isa = PBXGroup;
			children = (
				BEB33FB619F66B380016605B /* ViewController.h */,
				BEB33FB719F66B380016605B /* ViewController.m */,
				BEB33FD519F66DBC0016605B /* BlurEffectViewController.h */,
				BEB33FD619F66DBC0016605B /* BlurEffectViewController.m */,
				BEB33FD719F66DBC0016605B /* BlurEffectViewController.xib */,
				BEB3401019F768240016605B /* TransitionCollectionViewController.h */,
				BEB3401119F768240016605B /* TransitionCollectionViewController.m */,
				BEB3402119F79E580016605B /* PhotoDetailViewController.h */,
				BEB3402219F79E580016605B /* PhotoDetailViewController.m */,
				BE932BC91A119EA00057B298 /* SingeImageViewController.h */,
				BE932BCA1A119EA00057B298 /* SingeImageViewController.m */,
				BE932BCC1A11C4470057B298 /* ContainerExampleViewController.h */,
				BE932BCD1A11C4470057B298 /* ContainerExampleViewController.m */,
				BE3F6E291A14BDCB0011327D /* MotionEffectViewController.h */,
				BE3F6E2A1A14BDCB0011327D /* MotionEffectViewController.m */,
				BE3F6E2C1A15A2150011327D /* PopoverDisplayViewController.h */,
				BE3F6E2D1A15A2150011327D /* PopoverDisplayViewController.m */,
				BEF7A1CC1A2BF7A800CF8A0B /* PathPresentationViewController.h */,
				BEF7A1CD1A2BF7A800CF8A0B /* PathPresentationViewController.m */,
			);
			path = ViewControllers;
			sourceTree = "<group>";
		};
		BEB3401819F794A50016605B /* Frameworks */ = {
			isa = PBXGroup;
			children = (
				BEB33FE519F756C60016605B /* Accelerate.framework */,
			);
			path = Frameworks;
			sourceTree = "<group>";
		};
		BEB3401919F794BD0016605B /* Models */ = {
			isa = PBXGroup;
			children = (
				BEB3401A19F794DF0016605B /* DXPhoto.h */,
				BEB3401B19F794DF0016605B /* DXPhoto.m */,
				BE5B4C3819F9092000EAE601 /* NavPhotoTransitionProtocol.h */,
			);
			path = Models;
			sourceTree = "<group>";
		};
		BEB3401D19F7985D0016605B /* Views */ = {
			isa = PBXGroup;
			children = (
				BEB3401E19F798800016605B /* ThumbnailCollectionViewCell.h */,
				BEB3401F19F798800016605B /* ThumbnailCollectionViewCell.m */,
			);
			path = Views;
			sourceTree = "<group>";
		};
		BEBFE2DA1A47D0CC003D0D62 /* DXPopover */ = {
			isa = PBXGroup;
			children = (
				BEBFE2DB1A47D0CC003D0D62 /* DXPopover.h */,
				BEBFE2DC1A47D0CC003D0D62 /* DXPopover.m */,
			);
			path = DXPopover;
			sourceTree = "<group>";
		};
/* End PBXGroup section */

/* Begin PBXNativeTarget section */
		BEB33FAB19F66B380016605B /* UICategories */ = {
			isa = PBXNativeTarget;
			buildConfigurationList = BEB33FCF19F66B380016605B /* Build configuration list for PBXNativeTarget "UICategories" */;
			buildPhases = (
				BEB33FA819F66B380016605B /* Sources */,
				BEB33FA919F66B380016605B /* Frameworks */,
				BEB33FAA19F66B380016605B /* Resources */,
			);
			buildRules = (
			);
			dependencies = (
			);
			name = UICategories;
			productName = UICategories;
			productReference = BEB33FAC19F66B380016605B /* UICategories.app */;
			productType = "com.apple.product-type.application";
		};
		BEB33FC419F66B380016605B /* UICategoriesTests */ = {
			isa = PBXNativeTarget;
			buildConfigurationList = BEB33FD219F66B380016605B /* Build configuration list for PBXNativeTarget "UICategoriesTests" */;
			buildPhases = (
				BEB33FC119F66B380016605B /* Sources */,
				BEB33FC219F66B380016605B /* Frameworks */,
				BEB33FC319F66B380016605B /* Resources */,
			);
			buildRules = (
			);
			dependencies = (
				BEB33FC719F66B380016605B /* PBXTargetDependency */,
			);
			name = UICategoriesTests;
			productName = UICategoriesTests;
			productReference = BEB33FC519F66B380016605B /* UICategoriesTests.xctest */;
			productType = "com.apple.product-type.bundle.unit-test";
		};
/* End PBXNativeTarget section */

/* Begin PBXProject section */
		BEB33FA419F66B380016605B /* Project object */ = {
			isa = PBXProject;
			attributes = {
				LastUpgradeCheck = 0600;
				ORGANIZATIONNAME = xiekw;
				TargetAttributes = {
					BEB33FAB19F66B380016605B = {
						CreatedOnToolsVersion = 6.0.1;
					};
					BEB33FC419F66B380016605B = {
						CreatedOnToolsVersion = 6.0.1;
						TestTargetID = BEB33FAB19F66B380016605B;
					};
				};
			};
			buildConfigurationList = BEB33FA719F66B380016605B /* Build configuration list for PBXProject "UICategories" */;
			compatibilityVersion = "Xcode 3.2";
			developmentRegion = English;
			hasScannedForEncodings = 0;
			knownRegions = (
				en,
				Base,
			);
			mainGroup = BEB33FA319F66B380016605B;
			productRefGroup = BEB33FAD19F66B380016605B /* Products */;
			projectDirPath = "";
			projectRoot = "";
			targets = (
				BEB33FAB19F66B380016605B /* UICategories */,
				BEB33FC419F66B380016605B /* UICategoriesTests */,
			);
		};
/* End PBXProject section */

/* Begin PBXResourcesBuildPhase section */
		BEB33FAA19F66B380016605B /* Resources */ = {
			isa = PBXResourcesBuildPhase;
			buildActionMask = 2147483647;
			files = (
				BEBFE2CE1A47C882003D0D62 /* FastDemoImages in Resources */,
				BEBFE2CF1A47C882003D0D62 /* instagramImages in Resources */,
				BEB33FBB19F66B380016605B /* Main.storyboard in Resources */,
				BEB33FC019F66B380016605B /* LaunchScreen.xib in Resources */,
				BEB33FD919F66DBC0016605B /* BlurEffectViewController.xib in Resources */,
				BEB33FBD19F66B380016605B /* Images.xcassets in Resources */,
			);
			runOnlyForDeploymentPostprocessing = 0;
		};
		BEB33FC319F66B380016605B /* Resources */ = {
			isa = PBXResourcesBuildPhase;
			buildActionMask = 2147483647;
			files = (
			);
			runOnlyForDeploymentPostprocessing = 0;
		};
/* End PBXResourcesBuildPhase section */

/* Begin PBXSourcesBuildPhase section */
		BEB33FA819F66B380016605B /* Sources */ = {
			isa = PBXSourcesBuildPhase;
			buildActionMask = 2147483647;
			files = (
				BEB33FB819F66B380016605B /* ViewController.m in Sources */,
				BECCB87519FDEF5F00C6948C /* DXPresentationExampleTransition.m in Sources */,
				BEB33FE319F746820016605B /* UICategory.m in Sources */,
				BEB33FB519F66B380016605B /* AppDelegate.m in Sources */,
				BEBFE2DD1A47D0CC003D0D62 /* DXPopover.m in Sources */,
				BEB3402019F798800016605B /* ThumbnailCollectionViewCell.m in Sources */,
				BECCB87219FDEE6700C6948C /* PresentationControllerDelegate.m in Sources */,
				BE932BCE1A11C4470057B298 /* ContainerExampleViewController.m in Sources */,
				BE3F6E341A15F85C0011327D /* CGPlayView.m in Sources */,
				BE3F6E2E1A15A2150011327D /* PopoverDisplayViewController.m in Sources */,
				BEF7A1D11A2BFA2A00CF8A0B /* PathSheetTransition.m in Sources */,
				BEB3402619F7A1750016605B /* SimpleNavTransition.m in Sources */,
				BEF7A1CE1A2BF7A800CF8A0B /* PathPresentationViewController.m in Sources */,
				BEB3402319F79E580016605B /* PhotoDetailViewController.m in Sources */,
				BEB33FD819F66DBC0016605B /* BlurEffectViewController.m in Sources */,
				BE6F959719F8BA520068EEB7 /* NavigationControllerDelegate.m in Sources */,
				BE5B4C3F19F917D400EAE601 /* DXNavPopPhotoTransition.m in Sources */,
				BEB3401C19F794DF0016605B /* DXPhoto.m in Sources */,
				BEB33FB219F66B380016605B /* main.m in Sources */,
				BE932BCB1A119EA00057B298 /* SingeImageViewController.m in Sources */,
				BE3F6E2B1A14BDCB0011327D /* MotionEffectViewController.m in Sources */,
				BEB3401319F768240016605B /* TransitionCollectionViewController.m in Sources */,
				BE5B4C3719F8FB1A00EAE601 /* DXNavPushPhotoTransition.m in Sources */,
			);
			runOnlyForDeploymentPostprocessing = 0;
		};
		BEB33FC119F66B380016605B /* Sources */ = {
			isa = PBXSourcesBuildPhase;
			buildActionMask = 2147483647;
			files = (
				BEB33FCC19F66B380016605B /* UICategoriesTests.m in Sources */,
			);
			runOnlyForDeploymentPostprocessing = 0;
		};
/* End PBXSourcesBuildPhase section */

/* Begin PBXTargetDependency section */
		BEB33FC719F66B380016605B /* PBXTargetDependency */ = {
			isa = PBXTargetDependency;
			target = BEB33FAB19F66B380016605B /* UICategories */;
			targetProxy = BEB33FC619F66B380016605B /* PBXContainerItemProxy */;
		};
/* End PBXTargetDependency section */

/* Begin PBXVariantGroup section */
		BEB33FB919F66B380016605B /* Main.storyboard */ = {
			isa = PBXVariantGroup;
			children = (
				BEB33FBA19F66B380016605B /* Base */,
			);
			name = Main.storyboard;
			sourceTree = "<group>";
		};
		BEB33FBE19F66B380016605B /* LaunchScreen.xib */ = {
			isa = PBXVariantGroup;
			children = (
				BEB33FBF19F66B380016605B /* Base */,
			);
			name = LaunchScreen.xib;
			sourceTree = "<group>";
		};
/* End PBXVariantGroup section */

/* Begin XCBuildConfiguration section */
		BEB33FCD19F66B380016605B /* Debug */ = {
			isa = XCBuildConfiguration;
			buildSettings = {
				ALWAYS_SEARCH_USER_PATHS = NO;
				CLANG_CXX_LANGUAGE_STANDARD = "gnu++0x";
				CLANG_CXX_LIBRARY = "libc++";
				CLANG_ENABLE_MODULES = YES;
				CLANG_ENABLE_OBJC_ARC = YES;
				CLANG_WARN_BOOL_CONVERSION = YES;
				CLANG_WARN_CONSTANT_CONVERSION = YES;
				CLANG_WARN_DIRECT_OBJC_ISA_USAGE = YES_ERROR;
				CLANG_WARN_EMPTY_BODY = YES;
				CLANG_WARN_ENUM_CONVERSION = YES;
				CLANG_WARN_INT_CONVERSION = YES;
				CLANG_WARN_OBJC_ROOT_CLASS = YES_ERROR;
				CLANG_WARN_UNREACHABLE_CODE = YES;
				CLANG_WARN__DUPLICATE_METHOD_MATCH = YES;
				"CODE_SIGN_IDENTITY[sdk=iphoneos*]" = "iPhone Developer";
				COPY_PHASE_STRIP = NO;
				ENABLE_STRICT_OBJC_MSGSEND = YES;
				GCC_C_LANGUAGE_STANDARD = gnu99;
				GCC_DYNAMIC_NO_PIC = NO;
				GCC_OPTIMIZATION_LEVEL = 0;
				GCC_PREPROCESSOR_DEFINITIONS = (
					"DEBUG=1",
					"$(inherited)",
				);
				GCC_SYMBOLS_PRIVATE_EXTERN = NO;
				GCC_WARN_64_TO_32_BIT_CONVERSION = YES;
				GCC_WARN_ABOUT_RETURN_TYPE = YES_ERROR;
				GCC_WARN_UNDECLARED_SELECTOR = YES;
				GCC_WARN_UNINITIALIZED_AUTOS = YES_AGGRESSIVE;
				GCC_WARN_UNUSED_FUNCTION = YES;
				GCC_WARN_UNUSED_VARIABLE = YES;
				IPHONEOS_DEPLOYMENT_TARGET = 8.0;
				MTL_ENABLE_DEBUG_INFO = YES;
				ONLY_ACTIVE_ARCH = YES;
				SDKROOT = iphoneos;
				TARGETED_DEVICE_FAMILY = "1,2";
			};
			name = Debug;
		};
		BEB33FCE19F66B380016605B /* Release */ = {
			isa = XCBuildConfiguration;
			buildSettings = {
				ALWAYS_SEARCH_USER_PATHS = NO;
				CLANG_CXX_LANGUAGE_STANDARD = "gnu++0x";
				CLANG_CXX_LIBRARY = "libc++";
				CLANG_ENABLE_MODULES = YES;
				CLANG_ENABLE_OBJC_ARC = YES;
				CLANG_WARN_BOOL_CONVERSION = YES;
				CLANG_WARN_CONSTANT_CONVERSION = YES;
				CLANG_WARN_DIRECT_OBJC_ISA_USAGE = YES_ERROR;
				CLANG_WARN_EMPTY_BODY = YES;
				CLANG_WARN_ENUM_CONVERSION = YES;
				CLANG_WARN_INT_CONVERSION = YES;
				CLANG_WARN_OBJC_ROOT_CLASS = YES_ERROR;
				CLANG_WARN_UNREACHABLE_CODE = YES;
				CLANG_WARN__DUPLICATE_METHOD_MATCH = YES;
				"CODE_SIGN_IDENTITY[sdk=iphoneos*]" = "iPhone Developer";
				COPY_PHASE_STRIP = YES;
				ENABLE_NS_ASSERTIONS = NO;
				ENABLE_STRICT_OBJC_MSGSEND = YES;
				GCC_C_LANGUAGE_STANDARD = gnu99;
				GCC_WARN_64_TO_32_BIT_CONVERSION = YES;
				GCC_WARN_ABOUT_RETURN_TYPE = YES_ERROR;
				GCC_WARN_UNDECLARED_SELECTOR = YES;
				GCC_WARN_UNINITIALIZED_AUTOS = YES_AGGRESSIVE;
				GCC_WARN_UNUSED_FUNCTION = YES;
				GCC_WARN_UNUSED_VARIABLE = YES;
				IPHONEOS_DEPLOYMENT_TARGET = 8.0;
				MTL_ENABLE_DEBUG_INFO = NO;
				SDKROOT = iphoneos;
				TARGETED_DEVICE_FAMILY = "1,2";
				VALIDATE_PRODUCT = YES;
			};
			name = Release;
		};
		BEB33FD019F66B380016605B /* Debug */ = {
			isa = XCBuildConfiguration;
			buildSettings = {
				ASSETCATALOG_COMPILER_APPICON_NAME = AppIcon;
				FRAMEWORK_SEARCH_PATHS = "/Users/xiekaiwei/Workspace/ilslib/**";
				GCC_PREFIX_HEADER = ./UICategories/PrefixHeader.pch;
				INFOPLIST_FILE = UICategories/Info.plist;
				IPHONEOS_DEPLOYMENT_TARGET = 7.0;
				LD_RUNPATH_SEARCH_PATHS = "$(inherited) @executable_path/Frameworks";
				OTHER_LDFLAGS = "-lc++";
				PRODUCT_NAME = "$(TARGET_NAME)";
			};
			name = Debug;
		};
		BEB33FD119F66B380016605B /* Release */ = {
			isa = XCBuildConfiguration;
			buildSettings = {
				ASSETCATALOG_COMPILER_APPICON_NAME = AppIcon;
				FRAMEWORK_SEARCH_PATHS = "/Users/xiekaiwei/Workspace/ilslib/**";
				GCC_PREFIX_HEADER = ./UICategories/PrefixHeader.pch;
				INFOPLIST_FILE = UICategories/Info.plist;
				IPHONEOS_DEPLOYMENT_TARGET = 7.0;
				LD_RUNPATH_SEARCH_PATHS = "$(inherited) @executable_path/Frameworks";
				OTHER_LDFLAGS = "-lc++";
				PRODUCT_NAME = "$(TARGET_NAME)";
			};
			name = Release;
		};
		BEB33FD319F66B380016605B /* Debug */ = {
			isa = XCBuildConfiguration;
			buildSettings = {
				BUNDLE_LOADER = "$(TEST_HOST)";
				FRAMEWORK_SEARCH_PATHS = (
					"$(SDKROOT)/Developer/Library/Frameworks",
					"$(inherited)",
				);
				GCC_PREPROCESSOR_DEFINITIONS = (
					"DEBUG=1",
					"$(inherited)",
				);
				INFOPLIST_FILE = UICategoriesTests/Info.plist;
				LD_RUNPATH_SEARCH_PATHS = "$(inherited) @executable_path/Frameworks @loader_path/Frameworks";
				PRODUCT_NAME = "$(TARGET_NAME)";
				TEST_HOST = "$(BUILT_PRODUCTS_DIR)/UICategories.app/UICategories";
			};
			name = Debug;
		};
		BEB33FD419F66B380016605B /* Release */ = {
			isa = XCBuildConfiguration;
			buildSettings = {
				BUNDLE_LOADER = "$(TEST_HOST)";
				FRAMEWORK_SEARCH_PATHS = (
					"$(SDKROOT)/Developer/Library/Frameworks",
					"$(inherited)",
				);
				INFOPLIST_FILE = UICategoriesTests/Info.plist;
				LD_RUNPATH_SEARCH_PATHS = "$(inherited) @executable_path/Frameworks @loader_path/Frameworks";
				PRODUCT_NAME = "$(TARGET_NAME)";
				TEST_HOST = "$(BUILT_PRODUCTS_DIR)/UICategories.app/UICategories";
			};
			name = Release;
		};
/* End XCBuildConfiguration section */

/* Begin XCConfigurationList section */
		BEB33FA719F66B380016605B /* Build configuration list for PBXProject "UICategories" */ = {
			isa = XCConfigurationList;
			buildConfigurations = (
				BEB33FCD19F66B380016605B /* Debug */,
				BEB33FCE19F66B380016605B /* Release */,
			);
			defaultConfigurationIsVisible = 0;
			defaultConfigurationName = Release;
		};
		BEB33FCF19F66B380016605B /* Build configuration list for PBXNativeTarget "UICategories" */ = {
			isa = XCConfigurationList;
			buildConfigurations = (
				BEB33FD019F66B380016605B /* Debug */,
				BEB33FD119F66B380016605B /* Release */,
			);
			defaultConfigurationIsVisible = 0;
			defaultConfigurationName = Release;
		};
		BEB33FD219F66B380016605B /* Build configuration list for PBXNativeTarget "UICategoriesTests" */ = {
			isa = XCConfigurationList;
			buildConfigurations = (
				BEB33FD319F66B380016605B /* Debug */,
				BEB33FD419F66B380016605B /* Release */,
			);
			defaultConfigurationIsVisible = 0;
			defaultConfigurationName = Release;
		};
/* End XCConfigurationList section */
	};
	rootObject = BEB33FA419F66B380016605B /* Project object */;
}
